{
  "dependencies": {
    "celery-shoot": {
      "version": "4.1.0",
      "dependencies": {
        "debug": {
          "version": "2.2.0",
          "dependencies": {
            "ms": {
              "version": "0.7.1"
            }
          }
        },
        "amqp-coffee": {
          "version": "0.1.24",
          "dependencies": {
            "bson": {
              "version": "0.3.2",
              "dependencies": {
                "bson-ext": {
                  "version": "0.1.13",
                  "dependencies": {
                    "bindings": {
                      "version": "1.2.1"
                    },
                    "nan": {
                      "version": "2.0.9"
                    }
                  }
                }
              }
            }
          }
        },
        "node-uuid": {
          "version": "1.4.3"
        },
        "async": {
          "version": "1.2.1"
        },
        "underscore": {
          "version": "1.8.3"
        },
        "URIjs": {
          "version": "1.15.2"
        }
      }
    }
  }
}
